
Microsoft Visual Studio Solution File, Format Version 12.00
# Visual Studio Version 17
VisualStudioVersion = 17.10.35027.167
MinimumVisualStudioVersion = 10.0.40219.1
Project("{FAE04EC0-301F-11D3-BF4B-00C04F79EFBC}") = "rabbitMQ-receiver-app", "rabbitMQ-receiver-app\rabbitMQ-receiver-app.csproj", "{8FB24C1E-A0BD-473C-ACB4-32BAB8ECEEA8}"
EndProject
Global
	GlobalSection(SolutionConfigurationPlatforms) = preSolution
		Debug|Any CPU = Debug|Any CPU
		Release|Any CPU = Release|Any CPU
	EndGlobalSection
	GlobalSection(ProjectConfigurationPlatforms) = postSolution
		{8FB24C1E-A0BD-473C-ACB4-32BAB8ECEEA8}.Debug|Any CPU.ActiveCfg = Debug|Any CPU
		{8FB24C1E-A0BD-473C-ACB4-32BAB8ECEEA8}.Debug|Any CPU.Build.0 = Debug|Any CPU
		{8FB24C1E-A0BD-473C-ACB4-32BAB8ECEEA8}.Release|Any CPU.ActiveCfg = Release|Any CPU
		{8FB24C1E-A0BD-473C-ACB4-32BAB8ECEEA8}.Release|Any CPU.Build.0 = Release|Any CPU
	EndGlobalSection
	GlobalSection(SolutionProperties) = preSolution
		HideSolutionNode = FALSE
	EndGlobalSection
	GlobalSection(ExtensibilityGlobals) = postSolution
		SolutionGuid = {81159C56-13D8-4DD6-B24D-0D8C044A9B01}
	EndGlobalSection
EndGlobal
